
Microsoft Visual Studio Solution File, Format Version 12.00
# Visual Studio Version 17
VisualStudioVersion = 17.13.35931.197 d17.13
MinimumVisualStudioVersion = 10.0.40219.1
Project("{FAE04EC0-301F-11D3-BF4B-00C04F79EFBC}") = "TP7_Grupo19", "TP7_Grupo19\TP7_Grupo19.csproj", "{1628436E-9429-4778-A1F9-14FBF96FC1CD}"
EndProject
Global
	GlobalSection(SolutionConfigurationPlatforms) = preSolution
		Debug|Any CPU = Debug|Any CPU
		Release|Any CPU = Release|Any CPU
	EndGlobalSection
	GlobalSection(ProjectConfigurationPlatforms) = postSolution
		{1628436E-9429-4778-A1F9-14FBF96FC1CD}.Debug|Any CPU.ActiveCfg = Debug|Any CPU
		{1628436E-9429-4778-A1F9-14FBF96FC1CD}.Debug|Any CPU.Build.0 = Debug|Any CPU
		{1628436E-9429-4778-A1F9-14FBF96FC1CD}.Release|Any CPU.ActiveCfg = Release|Any CPU
		{1628436E-9429-4778-A1F9-14FBF96FC1CD}.Release|Any CPU.Build.0 = Release|Any CPU
	EndGlobalSection
	GlobalSection(SolutionProperties) = preSolution
		HideSolutionNode = FALSE
	EndGlobalSection
	GlobalSection(ExtensibilityGlobals) = postSolution
		SolutionGuid = {17E6920C-1124-465B-BF9F-5E98D1BE4727}
	EndGlobalSection
EndGlobal
